
Microsoft Visual Studio Solution File, Format Version 12.00
# Visual Studio Version 16
VisualStudioVersion = 16.0.31112.23
MinimumVisualStudioVersion = 10.0.40219.1
Project("{FAE04EC0-301F-11D3-BF4B-00C04F79EFBC}") = "DotNetCoreExpertOne", "DotNetCoreExpertOne\DotNetCoreExpertOne.csproj", "{DFB330B8-84E2-4522-8CEF-8DF8EF4E57ED}"
EndProject
Global
	GlobalSection(SolutionConfigurationPlatforms) = preSolution
		Debug|Any CPU = Debug|Any CPU
		Release|Any CPU = Release|Any CPU
	EndGlobalSection
	GlobalSection(ProjectConfigurationPlatforms) = postSolution
		{DFB330B8-84E2-4522-8CEF-8DF8EF4E57ED}.Debug|Any CPU.ActiveCfg = Debug|Any CPU
		{DFB330B8-84E2-4522-8CEF-8DF8EF4E57ED}.Debug|Any CPU.Build.0 = Debug|Any CPU
		{DFB330B8-84E2-4522-8CEF-8DF8EF4E57ED}.Release|Any CPU.ActiveCfg = Release|Any CPU
		{DFB330B8-84E2-4522-8CEF-8DF8EF4E57ED}.Release|Any CPU.Build.0 = Release|Any CPU
	EndGlobalSection
	GlobalSection(SolutionProperties) = preSolution
		HideSolutionNode = FALSE
	EndGlobalSection
	GlobalSection(ExtensibilityGlobals) = postSolution
		SolutionGuid = {15CEBBD7-164C-4BB8-88ED-C379950A7189}
	EndGlobalSection
EndGlobal
